// !$*UTF8*$!
{
	archiveVersion = 1;
	classes = {
	};
	objectVersion = 46;
	objects = {

/* Begin PBXBuildFile section */
		632981D615B204DE0096A247 /* ProcessManager.c in Sources */ = {isa = PBXBuildFile; fileRef = 632981D515B204DE0096A247 /* ProcessManager.c */; };
		637F257815CB9E0000EA714C /* craftIk_run in CopyFiles */ = {isa = PBXBuildFile; fileRef = 6329819915B200710096A247 /* craftIk_run */; };
/* End PBXBuildFile section */

/* Begin PBXContainerItemProxy section */
		631649E715B9851E008F0142 /* PBXContainerItemProxy */ = {
			isa = PBXContainerItemProxy;
			containerPortal = 631649E315B9851D008F0142 /* CoreString.xcodeproj */;
			proxyType = 2;
			remoteGlobalIDString = 631649DC15B9851D008F0142;
			remoteInfo = CoreString;
		};
		6329819815B200710096A247 /* PBXContainerItemProxy */ = {
			isa = PBXContainerItemProxy;
			containerPortal = 6329819415B200700096A247 /* WatchFox.xcodeproj */;
			proxyType = 2;
			remoteGlobalIDString = 6329818715B200700096A247;
			remoteInfo = WatchFox;
		};
		632981CE15B201F00096A247 /* PBXContainerItemProxy */ = {
			isa = PBXContainerItemProxy;
			containerPortal = 632981CA15B201EF0096A247 /* ObjectSystem.xcodeproj */;
			proxyType = 2;
			remoteGlobalIDString = 632981C315B201EF0096A247;
			remoteInfo = ObjectSystem;
		};
		6345646515BA1AF1000196FB /* PBXContainerItemProxy */ = {
			isa = PBXContainerItemProxy;
			containerPortal = 631649E315B9851D008F0142 /* CoreString.xcodeproj */;
			proxyType = 2;
			remoteGlobalIDString = 63A91AEC15BA0FA6005B156A;
			remoteInfo = CoreStringTest;
		};
		6345646915BA1AF1000196FB /* PBXContainerItemProxy */ = {
			isa = PBXContainerItemProxy;
			containerPortal = 632981CA15B201EF0096A247 /* ObjectSystem.xcodeproj */;
			proxyType = 2;
			remoteGlobalIDString = 63A91AD615B9E78A005B156A;
			remoteInfo = ObjectSystemTest;
		};
		63A91ACD15B9E63A005B156A /* PBXContainerItemProxy */ = {
			isa = PBXContainerItemProxy;
			containerPortal = 63A91AC915B9E63A005B156A /* Seatest.xcodeproj */;
			proxyType = 2;
			remoteGlobalIDString = 63A91AC215B9E63A005B156A;
			remoteInfo = Seatest;
		};
/* End PBXContainerItemProxy section */

/* Begin PBXCopyFilesBuildPhase section */
		63A10D7A15B1FFE600ED5B21 /* CopyFiles */ = {
			isa = PBXCopyFilesBuildPhase;
			buildActionMask = 12;
			dstPath = "";
			dstSubfolderSpec = 16;
			files = (
				637F257815CB9E0000EA714C /* craftIk_run in CopyFiles */,
			);
			runOnlyForDeploymentPostprocessing = 0;
		};
/* End PBXCopyFilesBuildPhase section */

/* Begin PBXFileReference section */
		631649E315B9851D008F0142 /* CoreString.xcodeproj */ = {isa = PBXFileReference; lastKnownFileType = "wrapper.pb-project"; name = CoreString.xcodeproj; path = Library/CoreString/CoreString.xcodeproj; sourceTree = "<group>"; };
		6329819415B200700096A247 /* WatchFox.xcodeproj */ = {isa = PBXFileReference; lastKnownFileType = "wrapper.pb-project"; name = WatchFox.xcodeproj; path = WatchFox/WatchFox.xcodeproj; sourceTree = "<group>"; };
		632981CA15B201EF0096A247 /* ObjectSystem.xcodeproj */ = {isa = PBXFileReference; lastKnownFileType = "wrapper.pb-project"; name = ObjectSystem.xcodeproj; path = Library/ObjectSystem/ObjectSystem.xcodeproj; sourceTree = "<group>"; };
		632981D215B2022F0096A247 /* CTTypes.h */ = {isa = PBXFileReference; lastKnownFileType = sourcecode.c.h; name = CTTypes.h; path = Library/CTTypes.h; sourceTree = "<group>"; };
		632981D515B204DE0096A247 /* ProcessManager.c */ = {isa = PBXFileReference; fileEncoding = 4; lastKnownFileType = sourcecode.c.c; name = ProcessManager.c; path = ProcessManager/ProcessManager.c; sourceTree = SOURCE_ROOT; };
		63A10D7C15B1FFE600ED5B21 /* craftIk */ = {isa = PBXFileReference; explicitFileType = "compiled.mach-o.executable"; includeInIndex = 0; path = craftIk; sourceTree = BUILT_PRODUCTS_DIR; };
		63A91AC915B9E63A005B156A /* Seatest.xcodeproj */ = {isa = PBXFileReference; lastKnownFileType = "wrapper.pb-project"; name = Seatest.xcodeproj; path = Library/Seatest/Seatest.xcodeproj; sourceTree = "<group>"; };
/* End PBXFileReference section */

/* Begin PBXFrameworksBuildPhase section */
		63A10D7915B1FFE600ED5B21 /* Frameworks */ = {
			isa = PBXFrameworksBuildPhase;
			buildActionMask = 2147483647;
			files = (
			);
			runOnlyForDeploymentPostprocessing = 0;
		};
/* End PBXFrameworksBuildPhase section */

/* Begin PBXGroup section */
		631649E415B9851D008F0142 /* Products */ = {
			isa = PBXGroup;
			children = (
				631649E815B9851E008F0142 /* libCoreString.a */,
				6345646615BA1AF1000196FB /* CoreStringTest */,
			);
			name = Products;
			sourceTree = "<group>";
		};
		6329817915B200380096A247 /* WatchFox */ = {
			isa = PBXGroup;
			children = (
				6329819415B200700096A247 /* WatchFox.xcodeproj */,
			);
			name = WatchFox;
			sourceTree = "<group>";
		};
		6329817A15B2003E0096A247 /* Library */ = {
			isa = PBXGroup;
			children = (
				631649E315B9851D008F0142 /* CoreString.xcodeproj */,
				632981CA15B201EF0096A247 /* ObjectSystem.xcodeproj */,
				63A91AC915B9E63A005B156A /* Seatest.xcodeproj */,
				632981D215B2022F0096A247 /* CTTypes.h */,
			);
			name = Library;
			sourceTree = "<group>";
		};
		6329819515B200700096A247 /* Products */ = {
			isa = PBXGroup;
			children = (
				6329819915B200710096A247 /* craftIk_run */,
			);
			name = Products;
			sourceTree = "<group>";
		};
		632981CB15B201EF0096A247 /* Products */ = {
			isa = PBXGroup;
			children = (
				632981CF15B201F00096A247 /* libObjectSystem.a */,
				6345646A15BA1AF1000196FB /* ObjectSystemTest */,
			);
			name = Products;
			sourceTree = "<group>";
		};
		63A10D7115B1FFE600ED5B21 = {
			isa = PBXGroup;
			children = (
				63A10D7F15B1FFE600ED5B21 /* Process Manager */,
				6329817915B200380096A247 /* WatchFox */,
				6329817A15B2003E0096A247 /* Library */,
				63A10D7D15B1FFE600ED5B21 /* Products */,
			);
			indentWidth = 8;
			sourceTree = "<group>";
			tabWidth = 8;
			usesTabs = 1;
		};
		63A10D7D15B1FFE600ED5B21 /* Products */ = {
			isa = PBXGroup;
			children = (
				63A10D7C15B1FFE600ED5B21 /* craftIk */,
			);
			name = Products;
			sourceTree = "<group>";
		};
		63A10D7F15B1FFE600ED5B21 /* Process Manager */ = {
			isa = PBXGroup;
			children = (
				632981D515B204DE0096A247 /* ProcessManager.c */,
			);
			name = "Process Manager";
			path = craftIk;
			sourceTree = "<group>";
		};
		63A91ACA15B9E63A005B156A /* Products */ = {
			isa = PBXGroup;
			children = (
				63A91ACE15B9E63A005B156A /* libSeatest.a */,
			);
			name = Products;
			sourceTree = "<group>";
		};
/* End PBXGroup section */

/* Begin PBXNativeTarget section */
		63A10D7B15B1FFE600ED5B21 /* craftIk */ = {
			isa = PBXNativeTarget;
			buildConfigurationList = 63A10D8615B1FFE600ED5B21 /* Build configuration list for PBXNativeTarget "craftIk" */;
			buildPhases = (
				63A10D7815B1FFE600ED5B21 /* Sources */,
				63A10D7915B1FFE600ED5B21 /* Frameworks */,
				63A10D7A15B1FFE600ED5B21 /* CopyFiles */,
			);
			buildRules = (
			);
			dependencies = (
			);
			name = craftIk;
			productName = craftIk;
			productReference = 63A10D7C15B1FFE600ED5B21 /* craftIk */;
			productType = "com.apple.product-type.tool";
		};
/* End PBXNativeTarget section */

/* Begin PBXProject section */
		63A10D7315B1FFE600ED5B21 /* Project object */ = {
			isa = PBXProject;
			attributes = {
				LastUpgradeCheck = 0440;
				ORGANIZATIONNAME = "SI Cyrusian";
			};
			buildConfigurationList = 63A10D7615B1FFE600ED5B21 /* Build configuration list for PBXProject "craftIk" */;
			compatibilityVersion = "Xcode 3.2";
			developmentRegion = English;
			hasScannedForEncodings = 0;
			knownRegions = (
				en,
			);
			mainGroup = 63A10D7115B1FFE600ED5B21;
			productRefGroup = 63A10D7D15B1FFE600ED5B21 /* Products */;
			projectDirPath = "";
			projectReferences = (
				{
					ProductGroup = 631649E415B9851D008F0142 /* Products */;
					ProjectRef = 631649E315B9851D008F0142 /* CoreString.xcodeproj */;
				},
				{
					ProductGroup = 632981CB15B201EF0096A247 /* Products */;
					ProjectRef = 632981CA15B201EF0096A247 /* ObjectSystem.xcodeproj */;
				},
				{
					ProductGroup = 63A91ACA15B9E63A005B156A /* Products */;
					ProjectRef = 63A91AC915B9E63A005B156A /* Seatest.xcodeproj */;
				},
				{
					ProductGroup = 6329819515B200700096A247 /* Products */;
					ProjectRef = 6329819415B200700096A247 /* WatchFox.xcodeproj */;
				},
			);
			projectRoot = "";
			targets = (
				63A10D7B15B1FFE600ED5B21 /* craftIk */,
			);
		};
/* End PBXProject section */

/* Begin PBXReferenceProxy section */
		631649E815B9851E008F0142 /* libCoreString.a */ = {
			isa = PBXReferenceProxy;
			fileType = archive.ar;
			path = libCoreString.a;
			remoteRef = 631649E715B9851E008F0142 /* PBXContainerItemProxy */;
			sourceTree = BUILT_PRODUCTS_DIR;
		};
		6329819915B200710096A247 /* craftIk_run */ = {
			isa = PBXReferenceProxy;
			fileType = "compiled.mach-o.executable";
			path = craftIk_run;
			remoteRef = 6329819815B200710096A247 /* PBXContainerItemProxy */;
			sourceTree = BUILT_PRODUCTS_DIR;
		};
		632981CF15B201F00096A247 /* libObjectSystem.a */ = {
			isa = PBXReferenceProxy;
			fileType = archive.ar;
			path = libObjectSystem.a;
			remoteRef = 632981CE15B201F00096A247 /* PBXContainerItemProxy */;
			sourceTree = BUILT_PRODUCTS_DIR;
		};
		6345646615BA1AF1000196FB /* CoreStringTest */ = {
			isa = PBXReferenceProxy;
			fileType = "compiled.mach-o.executable";
			path = CoreStringTest;
			remoteRef = 6345646515BA1AF1000196FB /* PBXContainerItemProxy */;
			sourceTree = BUILT_PRODUCTS_DIR;
		};
		6345646A15BA1AF1000196FB /* ObjectSystemTest */ = {
			isa = PBXReferenceProxy;
			fileType = "compiled.mach-o.executable";
			path = ObjectSystemTest;
			remoteRef = 6345646915BA1AF1000196FB /* PBXContainerItemProxy */;
			sourceTree = BUILT_PRODUCTS_DIR;
		};
		63A91ACE15B9E63A005B156A /* libSeatest.a */ = {
			isa = PBXReferenceProxy;
			fileType = archive.ar;
			path = libSeatest.a;
			remoteRef = 63A91ACD15B9E63A005B156A /* PBXContainerItemProxy */;
			sourceTree = BUILT_PRODUCTS_DIR;
		};
/* End PBXReferenceProxy section */

/* Begin PBXSourcesBuildPhase section */
		63A10D7815B1FFE600ED5B21 /* Sources */ = {
			isa = PBXSourcesBuildPhase;
			buildActionMask = 2147483647;
			files = (
				632981D615B204DE0096A247 /* ProcessManager.c in Sources */,
			);
			runOnlyForDeploymentPostprocessing = 0;
		};
/* End PBXSourcesBuildPhase section */

/* Begin XCBuildConfiguration section */
		63A10D8415B1FFE600ED5B21 /* Debug */ = {
			isa = XCBuildConfiguration;
			buildSettings = {
				ALWAYS_SEARCH_USER_PATHS = NO;
				ARCHS = "$(ARCHS_STANDARD_64_BIT)";
				CLANG_CXX_LANGUAGE_STANDARD = "gnu++0x";
				CLANG_WARN__DUPLICATE_METHOD_MATCH = YES;
				COPY_PHASE_STRIP = NO;
				GCC_C_LANGUAGE_STANDARD = gnu99;
				GCC_DYNAMIC_NO_PIC = NO;
				GCC_ENABLE_OBJC_EXCEPTIONS = YES;
				GCC_OPTIMIZATION_LEVEL = 0;
				GCC_PREPROCESSOR_DEFINITIONS = (
					"DEBUG=1",
					"$(inherited)",
				);
				GCC_SYMBOLS_PRIVATE_EXTERN = NO;
				GCC_WARN_64_TO_32_BIT_CONVERSION = YES;
				GCC_WARN_ABOUT_RETURN_TYPE = YES;
				GCC_WARN_UNINITIALIZED_AUTOS = YES;
				GCC_WARN_UNUSED_VARIABLE = YES;
				MACOSX_DEPLOYMENT_TARGET = 10.8;
				ONLY_ACTIVE_ARCH = YES;
				SDKROOT = macosx;
			};
			name = Debug;
		};
		63A10D8515B1FFE600ED5B21 /* Release */ = {
			isa = XCBuildConfiguration;
			buildSettings = {
				ALWAYS_SEARCH_USER_PATHS = NO;
				ARCHS = "$(ARCHS_STANDARD_64_BIT)";
				CLANG_CXX_LANGUAGE_STANDARD = "gnu++0x";
				CLANG_WARN__DUPLICATE_METHOD_MATCH = YES;
				COPY_PHASE_STRIP = YES;
				DEBUG_INFORMATION_FORMAT = "dwarf-with-dsym";
				GCC_C_LANGUAGE_STANDARD = gnu99;
				GCC_ENABLE_OBJC_EXCEPTIONS = YES;
				GCC_WARN_64_TO_32_BIT_CONVERSION = YES;
				GCC_WARN_ABOUT_RETURN_TYPE = YES;
				GCC_WARN_UNINITIALIZED_AUTOS = YES;
				GCC_WARN_UNUSED_VARIABLE = YES;
				MACOSX_DEPLOYMENT_TARGET = 10.8;
				SDKROOT = macosx;
			};
			name = Release;
		};
		63A10D8715B1FFE600ED5B21 /* Debug */ = {
			isa = XCBuildConfiguration;
			buildSettings = {
				GCC_C_LANGUAGE_STANDARD = c99;
				HEADER_SEARCH_PATHS = "$(SRCROOT)/";
				PRODUCT_NAME = "$(TARGET_NAME)";
			};
			name = Debug;
		};
		63A10D8815B1FFE600ED5B21 /* Release */ = {
			isa = XCBuildConfiguration;
			buildSettings = {
				GCC_C_LANGUAGE_STANDARD = c99;
				HEADER_SEARCH_PATHS = "$(SRCROOT)/";
				PRODUCT_NAME = "$(TARGET_NAME)";
			};
			name = Release;
		};
/* End XCBuildConfiguration section */

/* Begin XCConfigurationList section */
		63A10D7615B1FFE600ED5B21 /* Build configuration list for PBXProject "craftIk" */ = {
			isa = XCConfigurationList;
			buildConfigurations = (
				63A10D8415B1FFE600ED5B21 /* Debug */,
				63A10D8515B1FFE600ED5B21 /* Release */,
			);
			defaultConfigurationIsVisible = 0;
			defaultConfigurationName = Release;
		};
		63A10D8615B1FFE600ED5B21 /* Build configuration list for PBXNativeTarget "craftIk" */ = {
			isa = XCConfigurationList;
			buildConfigurations = (
				63A10D8715B1FFE600ED5B21 /* Debug */,
				63A10D8815B1FFE600ED5B21 /* Release */,
			);
			defaultConfigurationIsVisible = 0;
			defaultConfigurationName = Release;
		};
/* End XCConfigurationList section */
	};
	rootObject = 63A10D7315B1FFE600ED5B21 /* Project object */;
}
